
Microsoft Visual Studio Solution File, Format Version 12.00
# Visual Studio 15
VisualStudioVersion = 15.0.26730.15
MinimumVisualStudioVersion = 10.0.40219.1
Project("{8BC9CEB8-8B4A-11D0-8D11-00A0C91BC942}") = "rtmidilib", "rtmidilib.vcxproj", "{EBFE5EB3-182A-47A6-922B-52ECF777F6A3}"
EndProject
Global
	GlobalSection(SolutionConfigurationPlatforms) = preSolution
		Debug|Win32 = Debug|Win32
		Export|Win32 = Export|Win32
		Release|Win32 = Release|Win32
	EndGlobalSection
	GlobalSection(ProjectConfigurationPlatforms) = postSolution
		{EBFE5EB3-182A-47A6-922B-52ECF777F6A3}.Debug|Win32.ActiveCfg = Debug|Win32
		{EBFE5EB3-182A-47A6-922B-52ECF777F6A3}.Debug|Win32.Build.0 = Debug|Win32
		{EBFE5EB3-182A-47A6-922B-52ECF777F6A3}.Export|Win32.ActiveCfg = Export|Win32
		{EBFE5EB3-182A-47A6-922B-52ECF777F6A3}.Export|Win32.Build.0 = Export|Win32
		{EBFE5EB3-182A-47A6-922B-52ECF777F6A3}.Release|Win32.ActiveCfg = Release|Win32
		{EBFE5EB3-182A-47A6-922B-52ECF777F6A3}.Release|Win32.Build.0 = Release|Win32
	EndGlobalSection
	GlobalSection(SolutionProperties) = preSolution
		HideSolutionNode = FALSE
	EndGlobalSection
	GlobalSection(ExtensibilityGlobals) = postSolution
		SolutionGuid = {FE226636-E4A3-4C3A-9417-63FF6B29C581}
	EndGlobalSection
EndGlobal
